// !$*UTF8*$!
{
	archiveVersion = 1;
	classes = {
	};
	objectVersion = 56;
	objects = {

/* Begin PBXBuildFile section */
		112A25582935038D00530387 /* LoginScreen.swift in Sources */ = {isa = PBXBuildFile; fileRef = 112A25572935038D00530387 /* LoginScreen.swift */; };
		112A255B2935063000530387 /* View+Extension.swift in Sources */ = {isa = PBXBuildFile; fileRef = 112A255A2935063000530387 /* View+Extension.swift */; };
		112A255D29350F0F00530387 /* UIApplication.swift in Sources */ = {isa = PBXBuildFile; fileRef = 112A255C29350F0F00530387 /* UIApplication.swift */; };
		1148F2272931C0BA00A45F8B /* FruitsGroceryShopApp.swift in Sources */ = {isa = PBXBuildFile; fileRef = 1148F2262931C0BA00A45F8B /* FruitsGroceryShopApp.swift */; };
		1148F2292931C0BA00A45F8B /* ContentView.swift in Sources */ = {isa = PBXBuildFile; fileRef = 1148F2282931C0BA00A45F8B /* ContentView.swift */; };
		1148F22B2931C0BC00A45F8B /* Assets.xcassets in Resources */ = {isa = PBXBuildFile; fileRef = 1148F22A2931C0BC00A45F8B /* Assets.xcassets */; };
		1148F22E2931C0BC00A45F8B /* Preview Assets.xcassets in Resources */ = {isa = PBXBuildFile; fileRef = 1148F22D2931C0BC00A45F8B /* Preview Assets.xcassets */; };
		1148F2372931C19A00A45F8B /* LandingView.swift in Sources */ = {isa = PBXBuildFile; fileRef = 1148F2362931C19A00A45F8B /* LandingView.swift */; };
		1148F23C2931C68E00A45F8B /* Poppins-Bold.ttf in Resources */ = {isa = PBXBuildFile; fileRef = 1148F23B2931C56700A45F8B /* Poppins-Bold.ttf */; };
		1148F23D2931C68E00A45F8B /* Poppins-Regular.ttf in Resources */ = {isa = PBXBuildFile; fileRef = 1148F23A2931C56700A45F8B /* Poppins-Regular.ttf */; };
		1148F23E2931C68E00A45F8B /* Poppins-Medium.ttf in Resources */ = {isa = PBXBuildFile; fileRef = 1148F2392931C56700A45F8B /* Poppins-Medium.ttf */; };
		1148F2442931D35C00A45F8B /* WelcomeView.swift in Sources */ = {isa = PBXBuildFile; fileRef = 1148F2432931D35C00A45F8B /* WelcomeView.swift */; };
		118378112936472D006EED40 /* SignUpScreen.swift in Sources */ = {isa = PBXBuildFile; fileRef = 118378102936472D006EED40 /* SignUpScreen.swift */; };
		11F998E9293776EE005178E4 /* HomeScreen.swift in Sources */ = {isa = PBXBuildFile; fileRef = 11F998E8293776EE005178E4 /* HomeScreen.swift */; };
		11F998ED29377D40005178E4 /* Color+Extension.swift in Sources */ = {isa = PBXBuildFile; fileRef = 11F998EC29377D40005178E4 /* Color+Extension.swift */; };
/* End PBXBuildFile section */

/* Begin PBXFileReference section */
		112A25572935038D00530387 /* LoginScreen.swift */ = {isa = PBXFileReference; lastKnownFileType = sourcecode.swift; path = LoginScreen.swift; sourceTree = "<group>"; };
		112A255A2935063000530387 /* View+Extension.swift */ = {isa = PBXFileReference; lastKnownFileType = sourcecode.swift; path = "View+Extension.swift"; sourceTree = "<group>"; };
		112A255C29350F0F00530387 /* UIApplication.swift */ = {isa = PBXFileReference; lastKnownFileType = sourcecode.swift; path = UIApplication.swift; sourceTree = "<group>"; };
		1148F2232931C0BA00A45F8B /* FruitsGroceryShop.app */ = {isa = PBXFileReference; explicitFileType = wrapper.application; includeInIndex = 0; path = FruitsGroceryShop.app; sourceTree = BUILT_PRODUCTS_DIR; };
		1148F2262931C0BA00A45F8B /* FruitsGroceryShopApp.swift */ = {isa = PBXFileReference; lastKnownFileType = sourcecode.swift; path = FruitsGroceryShopApp.swift; sourceTree = "<group>"; };
		1148F2282931C0BA00A45F8B /* ContentView.swift */ = {isa = PBXFileReference; lastKnownFileType = sourcecode.swift; path = ContentView.swift; sourceTree = "<group>"; };
		1148F22A2931C0BC00A45F8B /* Assets.xcassets */ = {isa = PBXFileReference; lastKnownFileType = folder.assetcatalog; path = Assets.xcassets; sourceTree = "<group>"; };
		1148F22D2931C0BC00A45F8B /* Preview Assets.xcassets */ = {isa = PBXFileReference; lastKnownFileType = folder.assetcatalog; path = "Preview Assets.xcassets"; sourceTree = "<group>"; };
		1148F2362931C19A00A45F8B /* LandingView.swift */ = {isa = PBXFileReference; lastKnownFileType = sourcecode.swift; path = LandingView.swift; sourceTree = "<group>"; };
		1148F2392931C56700A45F8B /* Poppins-Medium.ttf */ = {isa = PBXFileReference; lastKnownFileType = file; path = "Poppins-Medium.ttf"; sourceTree = "<group>"; };
		1148F23A2931C56700A45F8B /* Poppins-Regular.ttf */ = {isa = PBXFileReference; lastKnownFileType = file; path = "Poppins-Regular.ttf"; sourceTree = "<group>"; };
		1148F23B2931C56700A45F8B /* Poppins-Bold.ttf */ = {isa = PBXFileReference; lastKnownFileType = file; path = "Poppins-Bold.ttf"; sourceTree = "<group>"; };
		1148F2412931C85500A45F8B /* Info.plist */ = {isa = PBXFileReference; lastKnownFileType = text.plist; path = Info.plist; sourceTree = "<group>"; };
		1148F2432931D35C00A45F8B /* WelcomeView.swift */ = {isa = PBXFileReference; lastKnownFileType = sourcecode.swift; path = WelcomeView.swift; sourceTree = "<group>"; };
		118378102936472D006EED40 /* SignUpScreen.swift */ = {isa = PBXFileReference; lastKnownFileType = sourcecode.swift; path = SignUpScreen.swift; sourceTree = "<group>"; };
		11F998E8293776EE005178E4 /* HomeScreen.swift */ = {isa = PBXFileReference; lastKnownFileType = sourcecode.swift; path = HomeScreen.swift; sourceTree = "<group>"; };
		11F998EC29377D40005178E4 /* Color+Extension.swift */ = {isa = PBXFileReference; lastKnownFileType = sourcecode.swift; path = "Color+Extension.swift"; sourceTree = "<group>"; };
/* End PBXFileReference section */

/* Begin PBXFrameworksBuildPhase section */
		1148F2202931C0BA00A45F8B /* Frameworks */ = {
			isa = PBXFrameworksBuildPhase;
			buildActionMask = 2147483647;
			files = (
			);
			runOnlyForDeploymentPostprocessing = 0;
		};
/* End PBXFrameworksBuildPhase section */

/* Begin PBXGroup section */
		112A25562935037E00530387 /* Auth */ = {
			isa = PBXGroup;
			children = (
				112A25572935038D00530387 /* LoginScreen.swift */,
				118378102936472D006EED40 /* SignUpScreen.swift */,
			);
			path = Auth;
			sourceTree = "<group>";
		};
		112A25592935061300530387 /* extensions */ = {
			isa = PBXGroup;
			children = (
				112A255A2935063000530387 /* View+Extension.swift */,
				112A255C29350F0F00530387 /* UIApplication.swift */,
				11F998EC29377D40005178E4 /* Color+Extension.swift */,
			);
			path = extensions;
			sourceTree = "<group>";
		};
		1148F21A2931C0BA00A45F8B = {
			isa = PBXGroup;
			children = (
				1148F2252931C0BA00A45F8B /* FruitsGroceryShop */,
				1148F2242931C0BA00A45F8B /* Products */,
			);
			sourceTree = "<group>";
		};
		1148F2242931C0BA00A45F8B /* Products */ = {
			isa = PBXGroup;
			children = (
				1148F2232931C0BA00A45F8B /* FruitsGroceryShop.app */,
			);
			name = Products;
			sourceTree = "<group>";
		};
		1148F2252931C0BA00A45F8B /* FruitsGroceryShop */ = {
			isa = PBXGroup;
			children = (
				112A25592935061300530387 /* extensions */,
				1148F2412931C85500A45F8B /* Info.plist */,
				1148F2382931C50E00A45F8B /* fonts */,
				1148F2342931C17100A45F8B /* views */,
				1148F2262931C0BA00A45F8B /* FruitsGroceryShopApp.swift */,
				1148F2282931C0BA00A45F8B /* ContentView.swift */,
				1148F22A2931C0BC00A45F8B /* Assets.xcassets */,
				1148F22C2931C0BC00A45F8B /* Preview Content */,
			);
			path = FruitsGroceryShop;
			sourceTree = "<group>";
		};
		1148F22C2931C0BC00A45F8B /* Preview Content */ = {
			isa = PBXGroup;
			children = (
				1148F22D2931C0BC00A45F8B /* Preview Assets.xcassets */,
			);
			path = "Preview Content";
			sourceTree = "<group>";
		};
		1148F2342931C17100A45F8B /* views */ = {
			isa = PBXGroup;
			children = (
				11F998E7293776DA005178E4 /* home */,
				112A25562935037E00530387 /* Auth */,
				1148F2422931D33E00A45F8B /* welcome */,
				1148F2352931C18700A45F8B /* landing */,
			);
			path = views;
			sourceTree = "<group>";
		};
		1148F2352931C18700A45F8B /* landing */ = {
			isa = PBXGroup;
			children = (
				1148F2362931C19A00A45F8B /* LandingView.swift */,
			);
			path = landing;
			sourceTree = "<group>";
		};
		1148F2382931C50E00A45F8B /* fonts */ = {
			isa = PBXGroup;
			children = (
				1148F23B2931C56700A45F8B /* Poppins-Bold.ttf */,
				1148F2392931C56700A45F8B /* Poppins-Medium.ttf */,
				1148F23A2931C56700A45F8B /* Poppins-Regular.ttf */,
			);
			path = fonts;
			sourceTree = "<group>";
		};
		1148F2422931D33E00A45F8B /* welcome */ = {
			isa = PBXGroup;
			children = (
				1148F2432931D35C00A45F8B /* WelcomeView.swift */,
			);
			path = welcome;
			sourceTree = "<group>";
		};
		11F998E7293776DA005178E4 /* home */ = {
			isa = PBXGroup;
			children = (
				11F998E8293776EE005178E4 /* HomeScreen.swift */,
			);
			path = home;
			sourceTree = "<group>";
		};
/* End PBXGroup section */

/* Begin PBXNativeTarget section */
		1148F2222931C0BA00A45F8B /* FruitsGroceryShop */ = {
			isa = PBXNativeTarget;
			buildConfigurationList = 1148F2312931C0BC00A45F8B /* Build configuration list for PBXNativeTarget "FruitsGroceryShop" */;
			buildPhases = (
				1148F21F2931C0BA00A45F8B /* Sources */,
				1148F2202931C0BA00A45F8B /* Frameworks */,
				1148F2212931C0BA00A45F8B /* Resources */,
			);
			buildRules = (
			);
			dependencies = (
			);
			name = FruitsGroceryShop;
			productName = FruitsGroceryShop;
			productReference = 1148F2232931C0BA00A45F8B /* FruitsGroceryShop.app */;
			productType = "com.apple.product-type.application";
		};
/* End PBXNativeTarget section */

/* Begin PBXProject section */
		1148F21B2931C0BA00A45F8B /* Project object */ = {
			isa = PBXProject;
			attributes = {
				BuildIndependentTargetsInParallel = 1;
				LastSwiftUpdateCheck = 1410;
				LastUpgradeCheck = 1410;
				TargetAttributes = {
					1148F2222931C0BA00A45F8B = {
						CreatedOnToolsVersion = 14.1;
					};
				};
			};
			buildConfigurationList = 1148F21E2931C0BA00A45F8B /* Build configuration list for PBXProject "FruitsGroceryShop" */;
			compatibilityVersion = "Xcode 14.0";
			developmentRegion = en;
			hasScannedForEncodings = 0;
			knownRegions = (
				en,
				Base,
			);
			mainGroup = 1148F21A2931C0BA00A45F8B;
			productRefGroup = 1148F2242931C0BA00A45F8B /* Products */;
			projectDirPath = "";
			projectRoot = "";
			targets = (
				1148F2222931C0BA00A45F8B /* FruitsGroceryShop */,
			);
		};
/* End PBXProject section */

/* Begin PBXResourcesBuildPhase section */
		1148F2212931C0BA00A45F8B /* Resources */ = {
			isa = PBXResourcesBuildPhase;
			buildActionMask = 2147483647;
			files = (
				1148F22E2931C0BC00A45F8B /* Preview Assets.xcassets in Resources */,
				1148F23C2931C68E00A45F8B /* Poppins-Bold.ttf in Resources */,
				1148F22B2931C0BC00A45F8B /* Assets.xcassets in Resources */,
				1148F23D2931C68E00A45F8B /* Poppins-Regular.ttf in Resources */,
				1148F23E2931C68E00A45F8B /* Poppins-Medium.ttf in Resources */,
			);
			runOnlyForDeploymentPostprocessing = 0;
		};
/* End PBXResourcesBuildPhase section */

/* Begin PBXSourcesBuildPhase section */
		1148F21F2931C0BA00A45F8B /* Sources */ = {
			isa = PBXSourcesBuildPhase;
			buildActionMask = 2147483647;
			files = (
				1148F2372931C19A00A45F8B /* LandingView.swift in Sources */,
				112A255D29350F0F00530387 /* UIApplication.swift in Sources */,
				1148F2292931C0BA00A45F8B /* ContentView.swift in Sources */,
				118378112936472D006EED40 /* SignUpScreen.swift in Sources */,
				1148F2272931C0BA00A45F8B /* FruitsGroceryShopApp.swift in Sources */,
				11F998E9293776EE005178E4 /* HomeScreen.swift in Sources */,
				1148F2442931D35C00A45F8B /* WelcomeView.swift in Sources */,
				112A255B2935063000530387 /* View+Extension.swift in Sources */,
				112A25582935038D00530387 /* LoginScreen.swift in Sources */,
				11F998ED29377D40005178E4 /* Color+Extension.swift in Sources */,
			);
			runOnlyForDeploymentPostprocessing = 0;
		};
/* End PBXSourcesBuildPhase section */

/* Begin XCBuildConfiguration section */
		1148F22F2931C0BC00A45F8B /* Debug */ = {
			isa = XCBuildConfiguration;
			buildSettings = {
				ALWAYS_SEARCH_USER_PATHS = NO;
				CLANG_ANALYZER_NONNULL = YES;
				CLANG_ANALYZER_NUMBER_OBJECT_CONVERSION = YES_AGGRESSIVE;
				CLANG_CXX_LANGUAGE_STANDARD = "gnu++20";
				CLANG_ENABLE_MODULES = YES;
				CLANG_ENABLE_OBJC_ARC = YES;
				CLANG_ENABLE_OBJC_WEAK = YES;
				CLANG_WARN_BLOCK_CAPTURE_AUTORELEASING = YES;
				CLANG_WARN_BOOL_CONVERSION = YES;
				CLANG_WARN_COMMA = YES;
				CLANG_WARN_CONSTANT_CONVERSION = YES;
				CLANG_WARN_DEPRECATED_OBJC_IMPLEMENTATIONS = YES;
				CLANG_WARN_DIRECT_OBJC_ISA_USAGE = YES_ERROR;
				CLANG_WARN_DOCUMENTATION_COMMENTS = YES;
				CLANG_WARN_EMPTY_BODY = YES;
				CLANG_WARN_ENUM_CONVERSION = YES;
				CLANG_WARN_INFINITE_RECURSION = YES;
				CLANG_WARN_INT_CONVERSION = YES;
				CLANG_WARN_NON_LITERAL_NULL_CONVERSION = YES;
				CLANG_WARN_OBJC_IMPLICIT_RETAIN_SELF = YES;
				CLANG_WARN_OBJC_LITERAL_CONVERSION = YES;
				CLANG_WARN_OBJC_ROOT_CLASS = YES_ERROR;
				CLANG_WARN_QUOTED_INCLUDE_IN_FRAMEWORK_HEADER = YES;
				CLANG_WARN_RANGE_LOOP_ANALYSIS = YES;
				CLANG_WARN_STRICT_PROTOTYPES = YES;
				CLANG_WARN_SUSPICIOUS_MOVE = YES;
				CLANG_WARN_UNGUARDED_AVAILABILITY = YES_AGGRESSIVE;
				CLANG_WARN_UNREACHABLE_CODE = YES;
				CLANG_WARN__DUPLICATE_METHOD_MATCH = YES;
				COPY_PHASE_STRIP = NO;
				DEBUG_INFORMATION_FORMAT = dwarf;
				ENABLE_STRICT_OBJC_MSGSEND = YES;
				ENABLE_TESTABILITY = YES;
				GCC_C_LANGUAGE_STANDARD = gnu11;
				GCC_DYNAMIC_NO_PIC = NO;
				GCC_NO_COMMON_BLOCKS = YES;
				GCC_OPTIMIZATION_LEVEL = 0;
				GCC_PREPROCESSOR_DEFINITIONS = (
					"DEBUG=1",
					"$(inherited)",
				);
				GCC_WARN_64_TO_32_BIT_CONVERSION = YES;
				GCC_WARN_ABOUT_RETURN_TYPE = YES_ERROR;
				GCC_WARN_UNDECLARED_SELECTOR = YES;
				GCC_WARN_UNINITIALIZED_AUTOS = YES_AGGRESSIVE;
				GCC_WARN_UNUSED_FUNCTION = YES;
				GCC_WARN_UNUSED_VARIABLE = YES;
				IPHONEOS_DEPLOYMENT_TARGET = 16.1;
				MTL_ENABLE_DEBUG_INFO = INCLUDE_SOURCE;
				MTL_FAST_MATH = YES;
				ONLY_ACTIVE_ARCH = YES;
				SDKROOT = iphoneos;
				SWIFT_ACTIVE_COMPILATION_CONDITIONS = DEBUG;
				SWIFT_OPTIMIZATION_LEVEL = "-Onone";
			};
			name = Debug;
		};
		1148F2302931C0BC00A45F8B /* Release */ = {
			isa = XCBuildConfiguration;
			buildSettings = {
				ALWAYS_SEARCH_USER_PATHS = NO;
				CLANG_ANALYZER_NONNULL = YES;
				CLANG_ANALYZER_NUMBER_OBJECT_CONVERSION = YES_AGGRESSIVE;
				CLANG_CXX_LANGUAGE_STANDARD = "gnu++20";
				CLANG_ENABLE_MODULES = YES;
				CLANG_ENABLE_OBJC_ARC = YES;
				CLANG_ENABLE_OBJC_WEAK = YES;
				CLANG_WARN_BLOCK_CAPTURE_AUTORELEASING = YES;
				CLANG_WARN_BOOL_CONVERSION = YES;
				CLANG_WARN_COMMA = YES;
				CLANG_WARN_CONSTANT_CONVERSION = YES;
				CLANG_WARN_DEPRECATED_OBJC_IMPLEMENTATIONS = YES;
				CLANG_WARN_DIRECT_OBJC_ISA_USAGE = YES_ERROR;
				CLANG_WARN_DOCUMENTATION_COMMENTS = YES;
				CLANG_WARN_EMPTY_BODY = YES;
				CLANG_WARN_ENUM_CONVERSION = YES;
				CLANG_WARN_INFINITE_RECURSION = YES;
				CLANG_WARN_INT_CONVERSION = YES;
				CLANG_WARN_NON_LITERAL_NULL_CONVERSION = YES;
				CLANG_WARN_OBJC_IMPLICIT_RETAIN_SELF = YES;
				CLANG_WARN_OBJC_LITERAL_CONVERSION = YES;
				CLANG_WARN_OBJC_ROOT_CLASS = YES_ERROR;
				CLANG_WARN_QUOTED_INCLUDE_IN_FRAMEWORK_HEADER = YES;
				CLANG_WARN_RANGE_LOOP_ANALYSIS = YES;
				CLANG_WARN_STRICT_PROTOTYPES = YES;
				CLANG_WARN_SUSPICIOUS_MOVE = YES;
				CLANG_WARN_UNGUARDED_AVAILABILITY = YES_AGGRESSIVE;
				CLANG_WARN_UNREACHABLE_CODE = YES;
				CLANG_WARN__DUPLICATE_METHOD_MATCH = YES;
				COPY_PHASE_STRIP = NO;
				DEBUG_INFORMATION_FORMAT = "dwarf-with-dsym";
				ENABLE_NS_ASSERTIONS = NO;
				ENABLE_STRICT_OBJC_MSGSEND = YES;
				GCC_C_LANGUAGE_STANDARD = gnu11;
				GCC_NO_COMMON_BLOCKS = YES;
				GCC_WARN_64_TO_32_BIT_CONVERSION = YES;
				GCC_WARN_ABOUT_RETURN_TYPE = YES_ERROR;
				GCC_WARN_UNDECLARED_SELECTOR = YES;
				GCC_WARN_UNINITIALIZED_AUTOS = YES_AGGRESSIVE;
				GCC_WARN_UNUSED_FUNCTION = YES;
				GCC_WARN_UNUSED_VARIABLE = YES;
				IPHONEOS_DEPLOYMENT_TARGET = 16.1;
				MTL_ENABLE_DEBUG_INFO = NO;
				MTL_FAST_MATH = YES;
				SDKROOT = iphoneos;
				SWIFT_COMPILATION_MODE = wholemodule;
				SWIFT_OPTIMIZATION_LEVEL = "-O";
				VALIDATE_PRODUCT = YES;
			};
			name = Release;
		};
		1148F2322931C0BC00A45F8B /* Debug */ = {
			isa = XCBuildConfiguration;
			buildSettings = {
				ASSETCATALOG_COMPILER_APPICON_NAME = AppIcon;
				ASSETCATALOG_COMPILER_GLOBAL_ACCENT_COLOR_NAME = AccentColor;
				CODE_SIGN_STYLE = Automatic;
				CURRENT_PROJECT_VERSION = 1;
				DEVELOPMENT_ASSET_PATHS = "\"FruitsGroceryShop/Preview Content\"";
				DEVELOPMENT_TEAM = 8H3L55K75Z;
				ENABLE_PREVIEWS = YES;
				GENERATE_INFOPLIST_FILE = YES;
				INFOPLIST_FILE = FruitsGroceryShop/Info.plist;
				INFOPLIST_KEY_UIApplicationSceneManifest_Generation = YES;
				INFOPLIST_KEY_UIApplicationSupportsIndirectInputEvents = YES;
				INFOPLIST_KEY_UILaunchScreen_Generation = YES;
				INFOPLIST_KEY_UISupportedInterfaceOrientations_iPad = "UIInterfaceOrientationPortrait UIInterfaceOrientationPortraitUpsideDown UIInterfaceOrientationLandscapeLeft UIInterfaceOrientationLandscapeRight";
				INFOPLIST_KEY_UISupportedInterfaceOrientations_iPhone = "UIInterfaceOrientationPortrait UIInterfaceOrientationLandscapeLeft UIInterfaceOrientationLandscapeRight";
				LD_RUNPATH_SEARCH_PATHS = (
					"$(inherited)",
					"@executable_path/Frameworks",
				);
				MARKETING_VERSION = 1.0;
				PRODUCT_BUNDLE_IDENTIFIER = com.nikitinnikita.FruitsGroceryShop;
				PRODUCT_NAME = "$(TARGET_NAME)";
				SWIFT_EMIT_LOC_STRINGS = YES;
				SWIFT_VERSION = 5.0;
				TARGETED_DEVICE_FAMILY = "1,2";
			};
			name = Debug;
		};
		1148F2332931C0BC00A45F8B /* Release */ = {
			isa = XCBuildConfiguration;
			buildSettings = {
				ASSETCATALOG_COMPILER_APPICON_NAME = AppIcon;
				ASSETCATALOG_COMPILER_GLOBAL_ACCENT_COLOR_NAME = AccentColor;
				CODE_SIGN_STYLE = Automatic;
				CURRENT_PROJECT_VERSION = 1;
				DEVELOPMENT_ASSET_PATHS = "\"FruitsGroceryShop/Preview Content\"";
				DEVELOPMENT_TEAM = 8H3L55K75Z;
				ENABLE_PREVIEWS = YES;
				GENERATE_INFOPLIST_FILE = YES;
				INFOPLIST_FILE = FruitsGroceryShop/Info.plist;
				INFOPLIST_KEY_UIApplicationSceneManifest_Generation = YES;
				INFOPLIST_KEY_UIApplicationSupportsIndirectInputEvents = YES;
				INFOPLIST_KEY_UILaunchScreen_Generation = YES;
				INFOPLIST_KEY_UISupportedInterfaceOrientations_iPad = "UIInterfaceOrientationPortrait UIInterfaceOrientationPortraitUpsideDown UIInterfaceOrientationLandscapeLeft UIInterfaceOrientationLandscapeRight";
				INFOPLIST_KEY_UISupportedInterfaceOrientations_iPhone = "UIInterfaceOrientationPortrait UIInterfaceOrientationLandscapeLeft UIInterfaceOrientationLandscapeRight";
				LD_RUNPATH_SEARCH_PATHS = (
					"$(inherited)",
					"@executable_path/Frameworks",
				);
				MARKETING_VERSION = 1.0;
				PRODUCT_BUNDLE_IDENTIFIER = com.nikitinnikita.FruitsGroceryShop;
				PRODUCT_NAME = "$(TARGET_NAME)";
				SWIFT_EMIT_LOC_STRINGS = YES;
				SWIFT_VERSION = 5.0;
				TARGETED_DEVICE_FAMILY = "1,2";
			};
			name = Release;
		};
/* End XCBuildConfiguration section */

/* Begin XCConfigurationList section */
		1148F21E2931C0BA00A45F8B /* Build configuration list for PBXProject "FruitsGroceryShop" */ = {
			isa = XCConfigurationList;
			buildConfigurations = (
				1148F22F2931C0BC00A45F8B /* Debug */,
				1148F2302931C0BC00A45F8B /* Release */,
			);
			defaultConfigurationIsVisible = 0;
			defaultConfigurationName = Release;
		};
		1148F2312931C0BC00A45F8B /* Build configuration list for PBXNativeTarget "FruitsGroceryShop" */ = {
			isa = XCConfigurationList;
			buildConfigurations = (
				1148F2322931C0BC00A45F8B /* Debug */,
				1148F2332931C0BC00A45F8B /* Release */,
			);
			defaultConfigurationIsVisible = 0;
			defaultConfigurationName = Release;
		};
/* End XCConfigurationList section */
	};
	rootObject = 1148F21B2931C0BA00A45F8B /* Project object */;
}
